{
  "name": "FiT",
  "lockfileVersion": 3,
  "requires": true,
  "packages": {
    "": {
      "dependencies": {
        "angular-environment": "^1.0.8"
      }
    },
    "node_modules/angular-environment": {
      "version": "1.0.8",
      "resolved": "https://registry.npmjs.org/angular-environment/-/angular-environment-1.0.8.tgz",
      "integrity": "sha512-9PJC2c/pVzE3oIaeN4TAjJdPHKzqEr45V50ylX6KziyKZTWQ0ZS/eHvu9RcGeb292jkhWin1bDaiy9NZ17lx4Q==",
      "license": "MIT"
    }
  }
}
